
Microsoft Visual Studio Solution File, Format Version 12.00
# Visual Studio Version 16
VisualStudioVersion = 16.0.30218.91
MinimumVisualStudioVersion = 10.0.40219.1
Project("{FAE04EC0-301F-11D3-BF4B-00C04F79EFBC}") = "RestfulAPIWithAspNet5", "RestfulAPIWithAspNet5\RestfulAPIWithAspNet5.csproj", "{DCC9F84A-6D96-4712-8E27-300F8CB7776C}"
EndProject
Global
	GlobalSection(SolutionConfigurationPlatforms) = preSolution
		Debug|Any CPU = Debug|Any CPU
		Release|Any CPU = Release|Any CPU
	EndGlobalSection
	GlobalSection(ProjectConfigurationPlatforms) = postSolution
		{DCC9F84A-6D96-4712-8E27-300F8CB7776C}.Debug|Any CPU.ActiveCfg = Debug|Any CPU
		{DCC9F84A-6D96-4712-8E27-300F8CB7776C}.Debug|Any CPU.Build.0 = Debug|Any CPU
		{DCC9F84A-6D96-4712-8E27-300F8CB7776C}.Release|Any CPU.ActiveCfg = Release|Any CPU
		{DCC9F84A-6D96-4712-8E27-300F8CB7776C}.Release|Any CPU.Build.0 = Release|Any CPU
	EndGlobalSection
	GlobalSection(SolutionProperties) = preSolution
		HideSolutionNode = FALSE
	EndGlobalSection
	GlobalSection(ExtensibilityGlobals) = postSolution
		SolutionGuid = {6DBAA331-6481-4EEA-9AC1-3ADA99B6A513}
	EndGlobalSection
EndGlobal
